
Microsoft Visual Studio Solution File, Format Version 12.00
# Visual Studio Version 16
VisualStudioVersion = 16.0.30204.135
MinimumVisualStudioVersion = 10.0.40219.1
Project("{FAE04EC0-301F-11D3-BF4B-00C04F79EFBC}") = "Pc Hızlandırıcısı", "Pc Hızlandırıcısı\Pc Hızlandırıcısı.csproj", "{FEC613CF-4A9F-4A0B-ADF4-71704D60CF8B}"
EndProject
Global
	GlobalSection(SolutionConfigurationPlatforms) = preSolution
		Debug|Any CPU = Debug|Any CPU
		Release|Any CPU = Release|Any CPU
	EndGlobalSection
	GlobalSection(ProjectConfigurationPlatforms) = postSolution
		{FEC613CF-4A9F-4A0B-ADF4-71704D60CF8B}.Debug|Any CPU.ActiveCfg = Debug|Any CPU
		{FEC613CF-4A9F-4A0B-ADF4-71704D60CF8B}.Debug|Any CPU.Build.0 = Debug|Any CPU
		{FEC613CF-4A9F-4A0B-ADF4-71704D60CF8B}.Release|Any CPU.ActiveCfg = Release|Any CPU
		{FEC613CF-4A9F-4A0B-ADF4-71704D60CF8B}.Release|Any CPU.Build.0 = Release|Any CPU
	EndGlobalSection
	GlobalSection(SolutionProperties) = preSolution
		HideSolutionNode = FALSE
	EndGlobalSection
	GlobalSection(ExtensibilityGlobals) = postSolution
		SolutionGuid = {A354CD92-7E57-4165-BE94-65A68A2F64A3}
	EndGlobalSection
EndGlobal
